
Microsoft Visual Studio Solution File, Format Version 12.00
# Visual Studio Version 16
VisualStudioVersion = 16.0.30717.126
MinimumVisualStudioVersion = 10.0.40219.1
Project("{FAE04EC0-301F-11D3-BF4B-00C04F79EFBC}") = "VotingGuide.Android", "VotingGuide\VotingGuide.Android\VotingGuide.Android.csproj", "{8A563D26-AFDC-4E83-A407-58FDB522435A}"
EndProject
Project("{9A19103F-16F7-4668-BE54-9A1E7A4F7556}") = "VotingGuide", "VotingGuide\VotingGuide\VotingGuide.csproj", "{849FC956-D4CA-46BF-BA2D-430FCEF42C65}"
EndProject
Global
	GlobalSection(SolutionConfigurationPlatforms) = preSolution
		Debug|Any CPU = Debug|Any CPU
		Release|Any CPU = Release|Any CPU
	EndGlobalSection
	GlobalSection(ProjectConfigurationPlatforms) = postSolution
		{8A563D26-AFDC-4E83-A407-58FDB522435A}.Debug|Any CPU.ActiveCfg = Debug|Any CPU
		{8A563D26-AFDC-4E83-A407-58FDB522435A}.Debug|Any CPU.Build.0 = Debug|Any CPU
		{8A563D26-AFDC-4E83-A407-58FDB522435A}.Debug|Any CPU.Deploy.0 = Debug|Any CPU
		{8A563D26-AFDC-4E83-A407-58FDB522435A}.Release|Any CPU.ActiveCfg = Release|Any CPU
		{8A563D26-AFDC-4E83-A407-58FDB522435A}.Release|Any CPU.Build.0 = Release|Any CPU
		{8A563D26-AFDC-4E83-A407-58FDB522435A}.Release|Any CPU.Deploy.0 = Release|Any CPU
		{849FC956-D4CA-46BF-BA2D-430FCEF42C65}.Debug|Any CPU.ActiveCfg = Debug|Any CPU
		{849FC956-D4CA-46BF-BA2D-430FCEF42C65}.Debug|Any CPU.Build.0 = Debug|Any CPU
		{849FC956-D4CA-46BF-BA2D-430FCEF42C65}.Debug|Any CPU.Deploy.0 = Debug|Any CPU
		{849FC956-D4CA-46BF-BA2D-430FCEF42C65}.Release|Any CPU.ActiveCfg = Release|Any CPU
		{849FC956-D4CA-46BF-BA2D-430FCEF42C65}.Release|Any CPU.Build.0 = Release|Any CPU
		{849FC956-D4CA-46BF-BA2D-430FCEF42C65}.Release|Any CPU.Deploy.0 = Release|Any CPU
	EndGlobalSection
	GlobalSection(SolutionProperties) = preSolution
		HideSolutionNode = FALSE
	EndGlobalSection
	GlobalSection(ExtensibilityGlobals) = postSolution
		SolutionGuid = {7D81F3DC-F2D4-46B0-8DB6-584F7420E2A6}
	EndGlobalSection
EndGlobal
